
Microsoft Visual Studio Solution File, Format Version 12.00
# Visual Studio 15
VisualStudioVersion = 15.0.27004.2005
MinimumVisualStudioVersion = 10.0.40219.1
Project("{FAE04EC0-301F-11D3-BF4B-00C04F79EFBC}") = "LISA", "LISA\LISA.csproj", "{733840A0-3109-4F16-824E-64D8DB76FA31}"
EndProject
Project("{FAE04EC0-301F-11D3-BF4B-00C04F79EFBC}") = "ApplicationConsole", "Console\ApplicationConsole.csproj", "{E7D893ED-9C4C-4C57-8F7E-E8E3DBEDF566}"
EndProject
Project("{FAE04EC0-301F-11D3-BF4B-00C04F79EFBC}") = "API", "API\API.csproj", "{109FC7B6-95D5-441E-B814-27A14683DF01}"
EndProject
Global
	GlobalSection(SolutionConfigurationPlatforms) = preSolution
		Debug|Any CPU = Debug|Any CPU
		Release|Any CPU = Release|Any CPU
	EndGlobalSection
	GlobalSection(ProjectConfigurationPlatforms) = postSolution
		{733840A0-3109-4F16-824E-64D8DB76FA31}.Debug|Any CPU.ActiveCfg = Debug|Any CPU
		{733840A0-3109-4F16-824E-64D8DB76FA31}.Debug|Any CPU.Build.0 = Debug|Any CPU
		{733840A0-3109-4F16-824E-64D8DB76FA31}.Release|Any CPU.ActiveCfg = Release|Any CPU
		{733840A0-3109-4F16-824E-64D8DB76FA31}.Release|Any CPU.Build.0 = Release|Any CPU
		{E7D893ED-9C4C-4C57-8F7E-E8E3DBEDF566}.Debug|Any CPU.ActiveCfg = Debug|Any CPU
		{E7D893ED-9C4C-4C57-8F7E-E8E3DBEDF566}.Debug|Any CPU.Build.0 = Debug|Any CPU
		{E7D893ED-9C4C-4C57-8F7E-E8E3DBEDF566}.Release|Any CPU.ActiveCfg = Release|Any CPU
		{E7D893ED-9C4C-4C57-8F7E-E8E3DBEDF566}.Release|Any CPU.Build.0 = Release|Any CPU
		{109FC7B6-95D5-441E-B814-27A14683DF01}.Debug|Any CPU.ActiveCfg = Debug|Any CPU
		{109FC7B6-95D5-441E-B814-27A14683DF01}.Debug|Any CPU.Build.0 = Debug|Any CPU
		{109FC7B6-95D5-441E-B814-27A14683DF01}.Release|Any CPU.ActiveCfg = Release|Any CPU
		{109FC7B6-95D5-441E-B814-27A14683DF01}.Release|Any CPU.Build.0 = Release|Any CPU
	EndGlobalSection
	GlobalSection(SolutionProperties) = preSolution
		HideSolutionNode = FALSE
	EndGlobalSection
	GlobalSection(ExtensibilityGlobals) = postSolution
		SolutionGuid = {A84BB649-D918-4181-BF6A-8A26EFF632D6}
	EndGlobalSection
EndGlobal
